
Microsoft Visual Studio Solution File, Format Version 12.00
# Visual Studio Version 17
VisualStudioVersion = 17.0.31903.59
MinimumVisualStudioVersion = 10.0.40219.1
Project("{2150E333-8FDC-42A3-9474-1A3956D46DE8}") = "src", "src", "{C721274E-B6AE-4954-A94C-60E4DE29FE4F}"
EndProject
Project("{FAE04EC0-301F-11D3-BF4B-00C04F79EFBC}") = "TempMaiSe.Blazor", "src\TempMaiSe.Blazor\TempMaiSe.Blazor.csproj", "{9EC65FB8-4824-4B33-92B6-5C157F820023}"
EndProject
Project("{FAE04EC0-301F-11D3-BF4B-00C04F79EFBC}") = "TempMaiSe.Models", "src\TempMaiSe.Models\TempMaiSe.Models.csproj", "{44D0F0C7-6DD2-42BA-AE17-A8DBBA2FCE39}"
EndProject
Project("{2150E333-8FDC-42A3-9474-1A3956D46DE8}") = "Migrations", "Migrations", "{5173BAF9-16D7-412A-8440-79800BD78A97}"
EndProject
Project("{FAE04EC0-301F-11D3-BF4B-00C04F79EFBC}") = "TempMaiSe.PostgreSql", "src\TempMaiSe.PostgreSql\TempMaiSe.PostgreSql.csproj", "{575502DA-F622-4020-AA17-333DFD094AF8}"
EndProject
Project("{FAE04EC0-301F-11D3-BF4B-00C04F79EFBC}") = "TempMaiSe.Sqlite", "src\TempMaiSe.Sqlite\TempMaiSe.Sqlite.csproj", "{9A4D6432-43F4-4CBF-A4B6-115C9732673A}"
EndProject
Project("{FAE04EC0-301F-11D3-BF4B-00C04F79EFBC}") = "TempMaiSe.SqlServer", "src\TempMaiSe.SqlServer\TempMaiSe.SqlServer.csproj", "{A995A410-3C9C-4D2A-B235-EF0BDD831327}"
EndProject
Project("{2150E333-8FDC-42A3-9474-1A3956D46DE8}") = "test", "test", "{6D652D9E-053B-4761-99D9-70DF7C2A0CC5}"
EndProject
Project("{FAE04EC0-301F-11D3-BF4B-00C04F79EFBC}") = "TempMaiSe.Tests", "test\TempMaiSe.Tests\TempMaiSe.Tests.csproj", "{8269B569-758C-4BC4-A419-8246F56F5D39}"
EndProject
Project("{FAE04EC0-301F-11D3-BF4B-00C04F79EFBC}") = "TempMaiSe.Mailer", "src\TempMaiSe.Mailer\TempMaiSe.Mailer.csproj", "{2044D183-8565-47EB-A88C-CBF52969E916}"
EndProject
Project("{FAE04EC0-301F-11D3-BF4B-00C04F79EFBC}") = "TempMaiSe.Razor", "src\TempMaiSe.Razor\TempMaiSe.Razor.csproj", "{0F9B0B5A-6B16-4EE5-BB7E-DBF2DC2913E3}"
EndProject
Global
	GlobalSection(SolutionConfigurationPlatforms) = preSolution
		Debug|Any CPU = Debug|Any CPU
		Release|Any CPU = Release|Any CPU
	EndGlobalSection
	GlobalSection(ProjectConfigurationPlatforms) = postSolution
		{9EC65FB8-4824-4B33-92B6-5C157F820023}.Debug|Any CPU.ActiveCfg = Debug|Any CPU
		{9EC65FB8-4824-4B33-92B6-5C157F820023}.Debug|Any CPU.Build.0 = Debug|Any CPU
		{9EC65FB8-4824-4B33-92B6-5C157F820023}.Release|Any CPU.ActiveCfg = Release|Any CPU
		{9EC65FB8-4824-4B33-92B6-5C157F820023}.Release|Any CPU.Build.0 = Release|Any CPU
		{44D0F0C7-6DD2-42BA-AE17-A8DBBA2FCE39}.Debug|Any CPU.ActiveCfg = Debug|Any CPU
		{44D0F0C7-6DD2-42BA-AE17-A8DBBA2FCE39}.Debug|Any CPU.Build.0 = Debug|Any CPU
		{44D0F0C7-6DD2-42BA-AE17-A8DBBA2FCE39}.Release|Any CPU.ActiveCfg = Release|Any CPU
		{44D0F0C7-6DD2-42BA-AE17-A8DBBA2FCE39}.Release|Any CPU.Build.0 = Release|Any CPU
		{575502DA-F622-4020-AA17-333DFD094AF8}.Debug|Any CPU.ActiveCfg = Debug|Any CPU
		{575502DA-F622-4020-AA17-333DFD094AF8}.Debug|Any CPU.Build.0 = Debug|Any CPU
		{575502DA-F622-4020-AA17-333DFD094AF8}.Release|Any CPU.ActiveCfg = Release|Any CPU
		{575502DA-F622-4020-AA17-333DFD094AF8}.Release|Any CPU.Build.0 = Release|Any CPU
		{9A4D6432-43F4-4CBF-A4B6-115C9732673A}.Debug|Any CPU.ActiveCfg = Debug|Any CPU
		{9A4D6432-43F4-4CBF-A4B6-115C9732673A}.Debug|Any CPU.Build.0 = Debug|Any CPU
		{9A4D6432-43F4-4CBF-A4B6-115C9732673A}.Release|Any CPU.ActiveCfg = Release|Any CPU
		{9A4D6432-43F4-4CBF-A4B6-115C9732673A}.Release|Any CPU.Build.0 = Release|Any CPU
		{A995A410-3C9C-4D2A-B235-EF0BDD831327}.Debug|Any CPU.ActiveCfg = Debug|Any CPU
		{A995A410-3C9C-4D2A-B235-EF0BDD831327}.Debug|Any CPU.Build.0 = Debug|Any CPU
		{A995A410-3C9C-4D2A-B235-EF0BDD831327}.Release|Any CPU.ActiveCfg = Release|Any CPU
		{A995A410-3C9C-4D2A-B235-EF0BDD831327}.Release|Any CPU.Build.0 = Release|Any CPU
		{8269B569-758C-4BC4-A419-8246F56F5D39}.Debug|Any CPU.ActiveCfg = Debug|Any CPU
		{8269B569-758C-4BC4-A419-8246F56F5D39}.Debug|Any CPU.Build.0 = Debug|Any CPU
		{8269B569-758C-4BC4-A419-8246F56F5D39}.Release|Any CPU.ActiveCfg = Release|Any CPU
		{8269B569-758C-4BC4-A419-8246F56F5D39}.Release|Any CPU.Build.0 = Release|Any CPU
		{2044D183-8565-47EB-A88C-CBF52969E916}.Debug|Any CPU.ActiveCfg = Debug|Any CPU
		{2044D183-8565-47EB-A88C-CBF52969E916}.Debug|Any CPU.Build.0 = Debug|Any CPU
		{2044D183-8565-47EB-A88C-CBF52969E916}.Release|Any CPU.ActiveCfg = Release|Any CPU
		{2044D183-8565-47EB-A88C-CBF52969E916}.Release|Any CPU.Build.0 = Release|Any CPU
		{0F9B0B5A-6B16-4EE5-BB7E-DBF2DC2913E3}.Debug|Any CPU.ActiveCfg = Debug|Any CPU
		{0F9B0B5A-6B16-4EE5-BB7E-DBF2DC2913E3}.Debug|Any CPU.Build.0 = Debug|Any CPU
		{0F9B0B5A-6B16-4EE5-BB7E-DBF2DC2913E3}.Release|Any CPU.ActiveCfg = Release|Any CPU
		{0F9B0B5A-6B16-4EE5-BB7E-DBF2DC2913E3}.Release|Any CPU.Build.0 = Release|Any CPU
	EndGlobalSection
	GlobalSection(SolutionProperties) = preSolution
		HideSolutionNode = FALSE
	EndGlobalSection
	GlobalSection(NestedProjects) = preSolution
		{9EC65FB8-4824-4B33-92B6-5C157F820023} = {C721274E-B6AE-4954-A94C-60E4DE29FE4F}
		{44D0F0C7-6DD2-42BA-AE17-A8DBBA2FCE39} = {C721274E-B6AE-4954-A94C-60E4DE29FE4F}
		{5173BAF9-16D7-412A-8440-79800BD78A97} = {C721274E-B6AE-4954-A94C-60E4DE29FE4F}
		{575502DA-F622-4020-AA17-333DFD094AF8} = {5173BAF9-16D7-412A-8440-79800BD78A97}
		{9A4D6432-43F4-4CBF-A4B6-115C9732673A} = {5173BAF9-16D7-412A-8440-79800BD78A97}
		{A995A410-3C9C-4D2A-B235-EF0BDD831327} = {5173BAF9-16D7-412A-8440-79800BD78A97}
		{8269B569-758C-4BC4-A419-8246F56F5D39} = {6D652D9E-053B-4761-99D9-70DF7C2A0CC5}
		{2044D183-8565-47EB-A88C-CBF52969E916} = {C721274E-B6AE-4954-A94C-60E4DE29FE4F}
		{0F9B0B5A-6B16-4EE5-BB7E-DBF2DC2913E3} = {C721274E-B6AE-4954-A94C-60E4DE29FE4F}
	EndGlobalSection
EndGlobal
