
Microsoft Visual Studio Solution File, Format Version 12.00
# Visual Studio Version 17
VisualStudioVersion = 17.0.31903.59
MinimumVisualStudioVersion = 10.0.40219.1
Project("{2150E333-8FDC-42A3-9474-1A3956D46DE8}") = "src", "src", "{C721274E-B6AE-4954-A94C-60E4DE29FE4F}"
EndProject
Project("{FAE04EC0-301F-11D3-BF4B-00C04F79EFBC}") = "TempMaiSe.Models", "src\TempMaiSe.Models\TempMaiSe.Models.csproj", "{44D0F0C7-6DD2-42BA-AE17-A8DBBA2FCE39}"
EndProject
Project("{2150E333-8FDC-42A3-9474-1A3956D46DE8}") = "examples", "examples", "{5A6D2AE0-D9A0-4432-9AB8-9147F8C9A88A}"
EndProject
Project("{2150E333-8FDC-42A3-9474-1A3956D46DE8}") = "test", "test", "{6D652D9E-053B-4761-99D9-70DF7C2A0CC5}"
EndProject
Project("{FAE04EC0-301F-11D3-BF4B-00C04F79EFBC}") = "TempMaiSe.Tests", "test\TempMaiSe.Tests\TempMaiSe.Tests.csproj", "{8269B569-758C-4BC4-A419-8246F56F5D39}"
EndProject
Project("{FAE04EC0-301F-11D3-BF4B-00C04F79EFBC}") = "TempMaiSe.Mailer", "src\TempMaiSe.Mailer\TempMaiSe.Mailer.csproj", "{2044D183-8565-47EB-A88C-CBF52969E916}"
EndProject
Project("{FAE04EC0-301F-11D3-BF4B-00C04F79EFBC}") = "TempMaiSe.OpenTelemetry", "src\TempMaiSe.OpenTelemetry\TempMaiSe.OpenTelemetry.csproj", "{1CA58D4F-5814-4ECD-B69A-36B3F0D0EC2F}"
EndProject
Project("{2150E333-8FDC-42A3-9474-1A3956D46DE8}") = "minimal-api", "minimal-api", "{6CB6337D-20F8-4A6D-BF7F-9D4AAB0832C3}"
EndProject
Project("{2150E333-8FDC-42A3-9474-1A3956D46DE8}") = "test", "test", "{F6839DEB-2C73-43C6-939D-9F040655CE9B}"
EndProject
Project("{FAE04EC0-301F-11D3-BF4B-00C04F79EFBC}") = "TempMaiSe.Samples.Api.Tests", "examples\minimal-api\test\TempMaiSe.Samples.Api.Tests\TempMaiSe.Samples.Api.Tests.csproj", "{A738F170-0D78-4546-B41F-FBF3EA467C22}"
EndProject
Project("{2150E333-8FDC-42A3-9474-1A3956D46DE8}") = "src", "src", "{85DB7D7B-0444-43A6-A7EA-6DCB5A8DEE5D}"
EndProject
Project("{FAE04EC0-301F-11D3-BF4B-00C04F79EFBC}") = "TempMaiSe.Samples.Api", "examples\minimal-api\src\TempMaiSe.Samples.Api\TempMaiSe.Samples.Api.csproj", "{651C032B-C81A-412E-AFFC-91071486376A}"
EndProject
Global
	GlobalSection(SolutionConfigurationPlatforms) = preSolution
		Debug|Any CPU = Debug|Any CPU
		Release|Any CPU = Release|Any CPU
	EndGlobalSection
	GlobalSection(ProjectConfigurationPlatforms) = postSolution
		{44D0F0C7-6DD2-42BA-AE17-A8DBBA2FCE39}.Debug|Any CPU.ActiveCfg = Debug|Any CPU
		{44D0F0C7-6DD2-42BA-AE17-A8DBBA2FCE39}.Debug|Any CPU.Build.0 = Debug|Any CPU
		{44D0F0C7-6DD2-42BA-AE17-A8DBBA2FCE39}.Release|Any CPU.ActiveCfg = Release|Any CPU
		{44D0F0C7-6DD2-42BA-AE17-A8DBBA2FCE39}.Release|Any CPU.Build.0 = Release|Any CPU
		{8269B569-758C-4BC4-A419-8246F56F5D39}.Debug|Any CPU.ActiveCfg = Debug|Any CPU
		{8269B569-758C-4BC4-A419-8246F56F5D39}.Debug|Any CPU.Build.0 = Debug|Any CPU
		{8269B569-758C-4BC4-A419-8246F56F5D39}.Release|Any CPU.ActiveCfg = Release|Any CPU
		{8269B569-758C-4BC4-A419-8246F56F5D39}.Release|Any CPU.Build.0 = Release|Any CPU
		{2044D183-8565-47EB-A88C-CBF52969E916}.Debug|Any CPU.ActiveCfg = Debug|Any CPU
		{2044D183-8565-47EB-A88C-CBF52969E916}.Debug|Any CPU.Build.0 = Debug|Any CPU
		{2044D183-8565-47EB-A88C-CBF52969E916}.Release|Any CPU.ActiveCfg = Release|Any CPU
		{2044D183-8565-47EB-A88C-CBF52969E916}.Release|Any CPU.Build.0 = Release|Any CPU
		{1CA58D4F-5814-4ECD-B69A-36B3F0D0EC2F}.Debug|Any CPU.ActiveCfg = Debug|Any CPU
		{1CA58D4F-5814-4ECD-B69A-36B3F0D0EC2F}.Debug|Any CPU.Build.0 = Debug|Any CPU
		{1CA58D4F-5814-4ECD-B69A-36B3F0D0EC2F}.Release|Any CPU.ActiveCfg = Release|Any CPU
		{1CA58D4F-5814-4ECD-B69A-36B3F0D0EC2F}.Release|Any CPU.Build.0 = Release|Any CPU
		{A738F170-0D78-4546-B41F-FBF3EA467C22}.Debug|Any CPU.ActiveCfg = Debug|Any CPU
		{A738F170-0D78-4546-B41F-FBF3EA467C22}.Debug|Any CPU.Build.0 = Debug|Any CPU
		{A738F170-0D78-4546-B41F-FBF3EA467C22}.Release|Any CPU.ActiveCfg = Release|Any CPU
		{A738F170-0D78-4546-B41F-FBF3EA467C22}.Release|Any CPU.Build.0 = Release|Any CPU
		{651C032B-C81A-412E-AFFC-91071486376A}.Debug|Any CPU.ActiveCfg = Debug|Any CPU
		{651C032B-C81A-412E-AFFC-91071486376A}.Debug|Any CPU.Build.0 = Debug|Any CPU
		{651C032B-C81A-412E-AFFC-91071486376A}.Release|Any CPU.ActiveCfg = Release|Any CPU
		{651C032B-C81A-412E-AFFC-91071486376A}.Release|Any CPU.Build.0 = Release|Any CPU
	EndGlobalSection
	GlobalSection(SolutionProperties) = preSolution
		HideSolutionNode = FALSE
	EndGlobalSection
	GlobalSection(NestedProjects) = preSolution
		{44D0F0C7-6DD2-42BA-AE17-A8DBBA2FCE39} = {C721274E-B6AE-4954-A94C-60E4DE29FE4F}
		{8269B569-758C-4BC4-A419-8246F56F5D39} = {6D652D9E-053B-4761-99D9-70DF7C2A0CC5}
		{2044D183-8565-47EB-A88C-CBF52969E916} = {C721274E-B6AE-4954-A94C-60E4DE29FE4F}
		{1CA58D4F-5814-4ECD-B69A-36B3F0D0EC2F} = {C721274E-B6AE-4954-A94C-60E4DE29FE4F}
		{6CB6337D-20F8-4A6D-BF7F-9D4AAB0832C3} = {5A6D2AE0-D9A0-4432-9AB8-9147F8C9A88A}
		{F6839DEB-2C73-43C6-939D-9F040655CE9B} = {6CB6337D-20F8-4A6D-BF7F-9D4AAB0832C3}
		{A738F170-0D78-4546-B41F-FBF3EA467C22} = {F6839DEB-2C73-43C6-939D-9F040655CE9B}
		{85DB7D7B-0444-43A6-A7EA-6DCB5A8DEE5D} = {6CB6337D-20F8-4A6D-BF7F-9D4AAB0832C3}
		{651C032B-C81A-412E-AFFC-91071486376A} = {85DB7D7B-0444-43A6-A7EA-6DCB5A8DEE5D}
	EndGlobalSection
EndGlobal
