{
  "version": 2,
  "dependencies": {
    "net8.0": {
      "Fluid.Core": {
        "type": "Direct",
        "requested": "[2.15.0, )",
        "resolved": "2.15.0",
        "contentHash": "J0x83Z99D2WwtUuMuD21w5b31T1P960IkK3MYvlwDiPUEWtqD5tndHguthI+JCkzlMgnfR4R9d3CQUmEwCNTAg==",
        "dependencies": {
          "Microsoft.Extensions.FileProviders.Abstractions": "8.0.0",
          "Parlot": "1.2.2",
          "TimeZoneConverter": "6.1.0"
        }
      },
      "jcamp.FluentEmail.Core": {
        "type": "Direct",
        "requested": "[3.8.0, )",
        "resolved": "3.8.0",
        "contentHash": "/GZxzUTNIA1B9bSOvcphA1vwor1DXWoO4G1FvFycoAlH2ZCXz02vF3C0iyubU76rzwuTXLDDJ2pz5NKCq7RrTg==",
        "dependencies": {
          "Microsoft.Extensions.DependencyInjection.Abstractions": "6.0.0"
        }
      },
      "Newtonsoft.Json": {
        "type": "Direct",
        "requested": "[13.0.3, )",
        "resolved": "13.0.3",
        "contentHash": "HrC5BXdl00IP9zeV+0Z848QWPAoCr9P3bDEZguI+gkLcBKAOxix/tLEAAHC+UvDNPv4a2d18lOReHMOagPa+zQ=="
      },
      "Newtonsoft.Json.Schema": {
        "type": "Direct",
        "requested": "[4.0.1, )",
        "resolved": "4.0.1",
        "contentHash": "rbHUKp5WTIbqmLEeJ21nTTDGcfR0LA7bVMzm0bYc3yx6NFKiCIHzzvYbwA4Sqgs7+wNldc5nBlkbithWj8IZig==",
        "dependencies": {
          "Newtonsoft.Json": "13.0.3"
        }
      },
      "OneOf": {
        "type": "Direct",
        "requested": "[3.0.271, )",
        "resolved": "3.0.271",
        "contentHash": "pqpqeK8xQGggExhr4tesVgJkjdn+9HQAO0QgrYV2hFjE3y90okzk1kQMntMiUOGfV7FrCUfKPaVvPBD4IANqKg=="
      },
      "Microsoft.Extensions.DependencyInjection.Abstractions": {
        "type": "Transitive",
        "resolved": "6.0.0",
        "contentHash": "xlzi2IYREJH3/m6+lUrQlujzX8wDitm4QGnUu6kUXTQAWPuZY8i+ticFJbzfqaetLA6KR/rO6Ew/HuYD+bxifg=="
      },
      "Microsoft.Extensions.FileProviders.Abstractions": {
        "type": "Transitive",
        "resolved": "8.0.0",
        "contentHash": "ZbaMlhJlpisjuWbvXr4LdAst/1XxH3vZ6A0BsgTphZ2L4PGuxRLz7Jr/S7mkAAnOn78Vu0fKhEgNF5JO3zfjqQ==",
        "dependencies": {
          "Microsoft.Extensions.Primitives": "8.0.0"
        }
      },
      "Microsoft.Extensions.Primitives": {
        "type": "Transitive",
        "resolved": "8.0.0",
        "contentHash": "bXJEZrW9ny8vjMF1JV253WeLhpEVzFo1lyaZu1vQ4ZxWUlVvknZ/+ftFgVheLubb4eZPSwwxBeqS1JkCOjxd8g=="
      },
      "Parlot": {
        "type": "Transitive",
        "resolved": "1.2.2",
        "contentHash": "Vz4SFXeF5BKiQ8jjnkYxw3B8ZVXrl/TcT6RM9hH8+HGLeSqpnWmYi1BidUlchwVFlliW6lorv4TAcGPFvhPj0Q=="
      },
      "TimeZoneConverter": {
        "type": "Transitive",
        "resolved": "6.1.0",
        "contentHash": "UGdtyKWJqXXinyvGB9X6NVoIYbTAidoZYmn3aXzxeEYC9+OL8vF36eDt1qjb6RqBkWDl4v7iE84ecI+dFhA80A=="
      },
      "tempmaise.models": {
        "type": "Project"
      }
    },
    "net9.0": {
      "Fluid.Core": {
        "type": "Direct",
        "requested": "[2.15.0, )",
        "resolved": "2.15.0",
        "contentHash": "J0x83Z99D2WwtUuMuD21w5b31T1P960IkK3MYvlwDiPUEWtqD5tndHguthI+JCkzlMgnfR4R9d3CQUmEwCNTAg==",
        "dependencies": {
          "Microsoft.Extensions.FileProviders.Abstractions": "9.0.0",
          "Parlot": "1.2.2",
          "TimeZoneConverter": "6.1.0"
        }
      },
      "jcamp.FluentEmail.Core": {
        "type": "Direct",
        "requested": "[3.8.0, )",
        "resolved": "3.8.0",
        "contentHash": "/GZxzUTNIA1B9bSOvcphA1vwor1DXWoO4G1FvFycoAlH2ZCXz02vF3C0iyubU76rzwuTXLDDJ2pz5NKCq7RrTg==",
        "dependencies": {
          "Microsoft.Extensions.DependencyInjection.Abstractions": "6.0.0"
        }
      },
      "Newtonsoft.Json": {
        "type": "Direct",
        "requested": "[13.0.3, )",
        "resolved": "13.0.3",
        "contentHash": "HrC5BXdl00IP9zeV+0Z848QWPAoCr9P3bDEZguI+gkLcBKAOxix/tLEAAHC+UvDNPv4a2d18lOReHMOagPa+zQ=="
      },
      "Newtonsoft.Json.Schema": {
        "type": "Direct",
        "requested": "[4.0.1, )",
        "resolved": "4.0.1",
        "contentHash": "rbHUKp5WTIbqmLEeJ21nTTDGcfR0LA7bVMzm0bYc3yx6NFKiCIHzzvYbwA4Sqgs7+wNldc5nBlkbithWj8IZig==",
        "dependencies": {
          "Newtonsoft.Json": "13.0.3"
        }
      },
      "OneOf": {
        "type": "Direct",
        "requested": "[3.0.271, )",
        "resolved": "3.0.271",
        "contentHash": "pqpqeK8xQGggExhr4tesVgJkjdn+9HQAO0QgrYV2hFjE3y90okzk1kQMntMiUOGfV7FrCUfKPaVvPBD4IANqKg=="
      },
      "Microsoft.Extensions.DependencyInjection.Abstractions": {
        "type": "Transitive",
        "resolved": "6.0.0",
        "contentHash": "xlzi2IYREJH3/m6+lUrQlujzX8wDitm4QGnUu6kUXTQAWPuZY8i+ticFJbzfqaetLA6KR/rO6Ew/HuYD+bxifg=="
      },
      "Microsoft.Extensions.FileProviders.Abstractions": {
        "type": "Transitive",
        "resolved": "9.0.0",
        "contentHash": "uK439QzYR0q2emLVtYzwyK3x+T5bTY4yWsd/k/ZUS9LR6Sflp8MIdhGXW8kQCd86dQD4tLqvcbLkku8qHY263Q==",
        "dependencies": {
          "Microsoft.Extensions.Primitives": "9.0.0"
        }
      },
      "Microsoft.Extensions.Primitives": {
        "type": "Transitive",
        "resolved": "9.0.0",
        "contentHash": "N3qEBzmLMYiASUlKxxFIISP4AiwuPTHF5uCh+2CWSwwzAJiIYx0kBJsS30cp1nvhSySFAVi30jecD307jV+8Kg=="
      },
      "Parlot": {
        "type": "Transitive",
        "resolved": "1.2.2",
        "contentHash": "Vz4SFXeF5BKiQ8jjnkYxw3B8ZVXrl/TcT6RM9hH8+HGLeSqpnWmYi1BidUlchwVFlliW6lorv4TAcGPFvhPj0Q=="
      },
      "TimeZoneConverter": {
        "type": "Transitive",
        "resolved": "6.1.0",
        "contentHash": "UGdtyKWJqXXinyvGB9X6NVoIYbTAidoZYmn3aXzxeEYC9+OL8vF36eDt1qjb6RqBkWDl4v7iE84ecI+dFhA80A=="
      },
      "tempmaise.models": {
        "type": "Project"
      }
    }
  }
}