{
  "version": 2,
  "dependencies": {
    "net8.0": {
      "Fluid.Core": {
        "type": "Direct",
        "requested": "[2.9.0, )",
        "resolved": "2.9.0",
        "contentHash": "i8h2asy1alu1UelQB2cFe1YPtMP+2UGyMxqfFLcYK7HoYdmY5k+Q5ljvQnkYoGghhJgEiL3WsZZWf0Q71/UKVw==",
        "dependencies": {
          "Microsoft.Extensions.FileProviders.Abstractions": "8.0.0",
          "Parlot": "0.0.25",
          "TimeZoneConverter": "6.1.0"
        }
      },
      "jcamp.FluentEmail.Core": {
        "type": "Direct",
        "requested": "[3.7.0, )",
        "resolved": "3.7.0",
        "contentHash": "L8mjNfog5VSNx6Xb+syej+T4jLH1roMstSgv6bG72/bgcGVhJ3LlWPp8veNYVAxlaoJFxkgewHShSv06RgR1KA==",
        "dependencies": {
          "Microsoft.Extensions.DependencyInjection.Abstractions": "6.0.0"
        }
      },
      "Newtonsoft.Json": {
        "type": "Direct",
        "requested": "[13.0.3, )",
        "resolved": "13.0.3",
        "contentHash": "HrC5BXdl00IP9zeV+0Z848QWPAoCr9P3bDEZguI+gkLcBKAOxix/tLEAAHC+UvDNPv4a2d18lOReHMOagPa+zQ=="
      },
      "Newtonsoft.Json.Schema": {
        "type": "Direct",
        "requested": "[3.0.15, )",
        "resolved": "3.0.15",
        "contentHash": "O/RBoXYm93pJy/JF3vRJxISALxup8CxKrBGXAyd/pFGrCa9hnSeHq/rQqkTnnpOcvtQwcEDfMZ+R5h871XEO5A==",
        "dependencies": {
          "Newtonsoft.Json": "13.0.3"
        }
      },
      "OneOf": {
        "type": "Direct",
        "requested": "[3.0.263, )",
        "resolved": "3.0.263",
        "contentHash": "2xXFnUxkAA0rJ2sJz9FPeW/gzJIBvyj+xIvfTIkz42pz9JlcYse4/rwRnkmCsYxw6osy1whnBO6Ox6HBKEqDMw=="
      },
      "Microsoft.Extensions.DependencyInjection.Abstractions": {
        "type": "Transitive",
        "resolved": "6.0.0",
        "contentHash": "xlzi2IYREJH3/m6+lUrQlujzX8wDitm4QGnUu6kUXTQAWPuZY8i+ticFJbzfqaetLA6KR/rO6Ew/HuYD+bxifg=="
      },
      "Microsoft.Extensions.FileProviders.Abstractions": {
        "type": "Transitive",
        "resolved": "8.0.0",
        "contentHash": "ZbaMlhJlpisjuWbvXr4LdAst/1XxH3vZ6A0BsgTphZ2L4PGuxRLz7Jr/S7mkAAnOn78Vu0fKhEgNF5JO3zfjqQ==",
        "dependencies": {
          "Microsoft.Extensions.Primitives": "8.0.0"
        }
      },
      "Microsoft.Extensions.Primitives": {
        "type": "Transitive",
        "resolved": "8.0.0",
        "contentHash": "bXJEZrW9ny8vjMF1JV253WeLhpEVzFo1lyaZu1vQ4ZxWUlVvknZ/+ftFgVheLubb4eZPSwwxBeqS1JkCOjxd8g=="
      },
      "Parlot": {
        "type": "Transitive",
        "resolved": "0.0.25",
        "contentHash": "NUs/4AUisBmCl5R+PIKYZR+K/59AvCgqGqY+6KCyctIRMbap8EmtmpPD3W7ZEjgOwonNBC2Y4lDRKtwLxlfqTQ=="
      },
      "TimeZoneConverter": {
        "type": "Transitive",
        "resolved": "6.1.0",
        "contentHash": "UGdtyKWJqXXinyvGB9X6NVoIYbTAidoZYmn3aXzxeEYC9+OL8vF36eDt1qjb6RqBkWDl4v7iE84ecI+dFhA80A=="
      },
      "tempmaise.models": {
        "type": "Project"
      }
    }
  }
}