{
  "version": 2,
  "dependencies": {
    "net9.0": {
      "Fluid.Core": {
        "type": "Direct",
        "requested": "[2.21.0, )",
        "resolved": "2.21.0",
        "contentHash": "VpXoM6bG5UfHlhXyYVxL5NDC+Zus87yAMIKI2UFF9BoJDyGvqwSiodDwhL8Gqp+qnnBZespSd3F0noMNOEYMWQ==",
        "dependencies": {
          "Microsoft.Extensions.FileProviders.Abstractions": "9.0.0",
          "Parlot": "1.3.5",
          "TimeZoneConverter": "7.0.0"
        }
      },
      "jcamp.FluentEmail.Core": {
        "type": "Direct",
        "requested": "[3.8.0, )",
        "resolved": "3.8.0",
        "contentHash": "/GZxzUTNIA1B9bSOvcphA1vwor1DXWoO4G1FvFycoAlH2ZCXz02vF3C0iyubU76rzwuTXLDDJ2pz5NKCq7RrTg==",
        "dependencies": {
          "Microsoft.Extensions.DependencyInjection.Abstractions": "6.0.0"
        }
      },
      "Newtonsoft.Json": {
        "type": "Direct",
        "requested": "[13.0.3, )",
        "resolved": "13.0.3",
        "contentHash": "HrC5BXdl00IP9zeV+0Z848QWPAoCr9P3bDEZguI+gkLcBKAOxix/tLEAAHC+UvDNPv4a2d18lOReHMOagPa+zQ=="
      },
      "Newtonsoft.Json.Schema": {
        "type": "Direct",
        "requested": "[4.0.1, )",
        "resolved": "4.0.1",
        "contentHash": "rbHUKp5WTIbqmLEeJ21nTTDGcfR0LA7bVMzm0bYc3yx6NFKiCIHzzvYbwA4Sqgs7+wNldc5nBlkbithWj8IZig==",
        "dependencies": {
          "Newtonsoft.Json": "13.0.3"
        }
      },
      "OneOf": {
        "type": "Direct",
        "requested": "[3.0.271, )",
        "resolved": "3.0.271",
        "contentHash": "pqpqeK8xQGggExhr4tesVgJkjdn+9HQAO0QgrYV2hFjE3y90okzk1kQMntMiUOGfV7FrCUfKPaVvPBD4IANqKg=="
      },
      "Microsoft.Extensions.DependencyInjection.Abstractions": {
        "type": "Transitive",
        "resolved": "6.0.0",
        "contentHash": "xlzi2IYREJH3/m6+lUrQlujzX8wDitm4QGnUu6kUXTQAWPuZY8i+ticFJbzfqaetLA6KR/rO6Ew/HuYD+bxifg=="
      },
      "Microsoft.Extensions.FileProviders.Abstractions": {
        "type": "Transitive",
        "resolved": "9.0.0",
        "contentHash": "uK439QzYR0q2emLVtYzwyK3x+T5bTY4yWsd/k/ZUS9LR6Sflp8MIdhGXW8kQCd86dQD4tLqvcbLkku8qHY263Q==",
        "dependencies": {
          "Microsoft.Extensions.Primitives": "9.0.0"
        }
      },
      "Microsoft.Extensions.Primitives": {
        "type": "Transitive",
        "resolved": "9.0.0",
        "contentHash": "N3qEBzmLMYiASUlKxxFIISP4AiwuPTHF5uCh+2CWSwwzAJiIYx0kBJsS30cp1nvhSySFAVi30jecD307jV+8Kg=="
      },
      "Parlot": {
        "type": "Transitive",
        "resolved": "1.3.5",
        "contentHash": "F22bBSTGJgzJBBngX7SmgPzbCjrzwt4sPIOUlQ/K9p3mvau+o0mGnDxYTTik7ODOjXBDalpsZacaa8eSnPoEFw=="
      },
      "TimeZoneConverter": {
        "type": "Transitive",
        "resolved": "7.0.0",
        "contentHash": "sFbY65N/5GdsHx7nkdHFHUG+5Ar4W0w6Aks7Y2X+Q4NOTw6XyX2Il7jm+4tPkc//4mA3nG0RdxI8gKgoJitdLw=="
      },
      "tempmaise.models": {
        "type": "Project"
      }
    }
  }
}