{
  "version": 2,
  "dependencies": {
    "net8.0": {
      "Microsoft.AspNetCore.Identity.EntityFrameworkCore": {
        "type": "Direct",
        "requested": "[8.0.1, )",
        "resolved": "8.0.1",
        "contentHash": "V2hjI1Sh6AmmjfU+oCWcyGyDSB9wAz+y2fKReY6g90PTITKH5dIMJv19mTHUlcVaYv+w2GSF6BRrJ+IitfyhqA==",
        "dependencies": {
          "Microsoft.EntityFrameworkCore.Relational": "8.0.1",
          "Microsoft.Extensions.Identity.Stores": "8.0.1"
        }
      },
      "Microsoft.EntityFrameworkCore": {
        "type": "Direct",
        "requested": "[8.0.1, )",
        "resolved": "8.0.1",
        "contentHash": "hPagYIuWPpZF6AwOR7mlKv+GLEk8wrbsIVr8qYHqSWN2zDghOYTu2Qxi6CtrJP3V9UgzZ6sjQVM/jnrodpz10Q==",
        "dependencies": {
          "Microsoft.EntityFrameworkCore.Abstractions": "8.0.1",
          "Microsoft.EntityFrameworkCore.Analyzers": "8.0.1",
          "Microsoft.Extensions.Caching.Memory": "8.0.0",
          "Microsoft.Extensions.Logging": "8.0.0"
        }
      },
      "Microsoft.EntityFrameworkCore.Relational": {
        "type": "Direct",
        "requested": "[8.0.1, )",
        "resolved": "8.0.1",
        "contentHash": "uL1tO14kbsi0EqtfvElGJ68irUlu2DbkTMKz4+8WvVc1TV2GwVgfwQWv7uwDqsB5+JK9alfP3tZjHkWiSpk3oA==",
        "dependencies": {
          "Microsoft.EntityFrameworkCore": "8.0.1",
          "Microsoft.Extensions.Configuration.Abstractions": "8.0.0"
        }
      },
      "Microsoft.AspNetCore.Cryptography.Internal": {
        "type": "Transitive",
        "resolved": "8.0.1",
        "contentHash": "ryzsiEKr1qJ8f/CARxK8/zTX41aGUpoYOrZuKpsWiK6LwnuynxSFrzBDF04bT7xHF/i0EOeqkIRvfIohI/EsTg=="
      },
      "Microsoft.AspNetCore.Cryptography.KeyDerivation": {
        "type": "Transitive",
        "resolved": "8.0.1",
        "contentHash": "soX8sz1IUCEpsx3UEZUhdZ0RIi890qr6l1LEbFWMcbzSs0MhYM/WK+W889dkEBycVMh/fUzodMBbFVSp9tM0AQ==",
        "dependencies": {
          "Microsoft.AspNetCore.Cryptography.Internal": "8.0.1"
        }
      },
      "Microsoft.EntityFrameworkCore.Abstractions": {
        "type": "Transitive",
        "resolved": "8.0.1",
        "contentHash": "KBj2meUDWmMDRYpxyebyYQMf7+aGyTWvKD9UTuFKPP/NQGVsJUqbCCM+p/LCxSppcm2dQt+z73e/yBFlq/2jmA=="
      },
      "Microsoft.EntityFrameworkCore.Analyzers": {
        "type": "Transitive",
        "resolved": "8.0.1",
        "contentHash": "8HgodfPiUEMu5rlkcGa9CJdEpF5VeaeWhHAdKuKstgr6GBFc91xCJo/haOVzM8jKPS167PrlC8ChYdtzFVpp4A=="
      },
      "Microsoft.Extensions.Caching.Abstractions": {
        "type": "Transitive",
        "resolved": "8.0.0",
        "contentHash": "3KuSxeHoNYdxVYfg2IRZCThcrlJ1XJqIXkAWikCsbm5C/bCjv7G0WoKDyuR98Q+T607QT2Zl5GsbGRkENcV2yQ==",
        "dependencies": {
          "Microsoft.Extensions.Primitives": "8.0.0"
        }
      },
      "Microsoft.Extensions.Caching.Memory": {
        "type": "Transitive",
        "resolved": "8.0.0",
        "contentHash": "7pqivmrZDzo1ADPkRwjy+8jtRKWRCPag9qPI+p7sgu7Q4QreWhcvbiWXsbhP+yY8XSiDvZpu2/LWdBv7PnmOpQ==",
        "dependencies": {
          "Microsoft.Extensions.Caching.Abstractions": "8.0.0",
          "Microsoft.Extensions.DependencyInjection.Abstractions": "8.0.0",
          "Microsoft.Extensions.Logging.Abstractions": "8.0.0",
          "Microsoft.Extensions.Options": "8.0.0",
          "Microsoft.Extensions.Primitives": "8.0.0"
        }
      },
      "Microsoft.Extensions.Configuration.Abstractions": {
        "type": "Transitive",
        "resolved": "8.0.0",
        "contentHash": "3lE/iLSutpgX1CC0NOW70FJoGARRHbyKmG7dc0klnUZ9Dd9hS6N/POPWhKhMLCEuNN5nXEY5agmlFtH562vqhQ==",
        "dependencies": {
          "Microsoft.Extensions.Primitives": "8.0.0"
        }
      },
      "Microsoft.Extensions.DependencyInjection": {
        "type": "Transitive",
        "resolved": "8.0.0",
        "contentHash": "V8S3bsm50ig6JSyrbcJJ8bW2b9QLGouz+G1miK3UTaOWmMtFwNNNzUf4AleyDWUmTrWMLNnFSLEQtxmxgNQnNQ==",
        "dependencies": {
          "Microsoft.Extensions.DependencyInjection.Abstractions": "8.0.0"
        }
      },
      "Microsoft.Extensions.DependencyInjection.Abstractions": {
        "type": "Transitive",
        "resolved": "8.0.0",
        "contentHash": "cjWrLkJXK0rs4zofsK4bSdg+jhDLTaxrkXu4gS6Y7MAlCvRyNNgwY/lJi5RDlQOnSZweHqoyvgvbdvQsRIW+hg=="
      },
      "Microsoft.Extensions.Identity.Core": {
        "type": "Transitive",
        "resolved": "8.0.1",
        "contentHash": "/8GGtoIIoaeqk3PLV++ClqmVvHvzimhiSiWEdM9kdaNVkfR0JSDjx2AQHZcuekqiSPyNprFcSAg81uGWtdqP3w==",
        "dependencies": {
          "Microsoft.AspNetCore.Cryptography.KeyDerivation": "8.0.1",
          "Microsoft.Extensions.Logging": "8.0.0",
          "Microsoft.Extensions.Options": "8.0.1"
        }
      },
      "Microsoft.Extensions.Identity.Stores": {
        "type": "Transitive",
        "resolved": "8.0.1",
        "contentHash": "yFfKr8NSb178uc8hA2k1Pqr8QB+dUCTbhesO4ooskPKor0ulCWvv7v9kmdCEqloIlxlO+8fuGnzSSvfRx80aeA==",
        "dependencies": {
          "Microsoft.Extensions.Caching.Abstractions": "8.0.0",
          "Microsoft.Extensions.Identity.Core": "8.0.1",
          "Microsoft.Extensions.Logging": "8.0.0"
        }
      },
      "Microsoft.Extensions.Logging": {
        "type": "Transitive",
        "resolved": "8.0.0",
        "contentHash": "tvRkov9tAJ3xP51LCv3FJ2zINmv1P8Hi8lhhtcKGqM+ImiTCC84uOPEI4z8Cdq2C3o9e+Aa0Gw0rmrsJD77W+w==",
        "dependencies": {
          "Microsoft.Extensions.DependencyInjection": "8.0.0",
          "Microsoft.Extensions.Logging.Abstractions": "8.0.0",
          "Microsoft.Extensions.Options": "8.0.0"
        }
      },
      "Microsoft.Extensions.Logging.Abstractions": {
        "type": "Transitive",
        "resolved": "8.0.0",
        "contentHash": "arDBqTgFCyS0EvRV7O3MZturChstm50OJ0y9bDJvAcmEPJm0FFpFyjU/JLYyStNGGey081DvnQYlncNX5SJJGA==",
        "dependencies": {
          "Microsoft.Extensions.DependencyInjection.Abstractions": "8.0.0"
        }
      },
      "Microsoft.Extensions.Options": {
        "type": "Transitive",
        "resolved": "8.0.1",
        "contentHash": "wmpp+BSU3oGifaev6Z9rrlwHoITLFfpVOSbgBrOXjkbJSCXnZVCsoRGE5c3fJFI4VlNgnNkNlI9y+5jC4fmOEA==",
        "dependencies": {
          "Microsoft.Extensions.DependencyInjection.Abstractions": "8.0.0",
          "Microsoft.Extensions.Primitives": "8.0.0"
        }
      },
      "Microsoft.Extensions.Primitives": {
        "type": "Transitive",
        "resolved": "8.0.0",
        "contentHash": "bXJEZrW9ny8vjMF1JV253WeLhpEVzFo1lyaZu1vQ4ZxWUlVvknZ/+ftFgVheLubb4eZPSwwxBeqS1JkCOjxd8g=="
      }
    }
  }
}