{
  "version": 2,
  "dependencies": {
    "net8.0": {
      "Microsoft.AspNetCore.Identity.EntityFrameworkCore": {
        "type": "Direct",
        "requested": "[8.0.0-rc.2.23480.2, )",
        "resolved": "8.0.0-rc.2.23480.2",
        "contentHash": "vz6Z8MMlrvfI3RznxA8uZzZ1YTNXNMvXwyjteALFIg/vdxMT/Ujs+R/+VYPAh/u3/CUaIb4SYOkILVzd/hftEQ==",
        "dependencies": {
          "Microsoft.EntityFrameworkCore.Relational": "8.0.0-rc.2.23480.1",
          "Microsoft.Extensions.Identity.Stores": "8.0.0-rc.2.23480.2"
        }
      },
      "Microsoft.EntityFrameworkCore": {
        "type": "Direct",
        "requested": "[8.0.0-rc.2.23480.1, )",
        "resolved": "8.0.0-rc.2.23480.1",
        "contentHash": "UhC219ZUvPYC5rO0BddqHWU+3LL+WUVjtC3IRfcr53QGuUZJ7W2x2anoHXZSA/ouFOUC+KmThIKDUPklVknLWQ==",
        "dependencies": {
          "Microsoft.EntityFrameworkCore.Abstractions": "8.0.0-rc.2.23480.1",
          "Microsoft.EntityFrameworkCore.Analyzers": "8.0.0-rc.2.23480.1",
          "Microsoft.Extensions.Caching.Memory": "8.0.0-rc.2.23479.6",
          "Microsoft.Extensions.Logging": "8.0.0-rc.2.23479.6"
        }
      },
      "Microsoft.EntityFrameworkCore.Relational": {
        "type": "Direct",
        "requested": "[8.0.0-rc.2.23480.1, )",
        "resolved": "8.0.0-rc.2.23480.1",
        "contentHash": "68dmYZPy4oSqdpXzA8qKBGVqJkArfiWeHMTQaWGm+p/UbXObIpFsJI1uvEeIxkcKF50xPeh6LKBr7XTOSxG6BA==",
        "dependencies": {
          "Microsoft.EntityFrameworkCore": "8.0.0-rc.2.23480.1",
          "Microsoft.Extensions.Configuration.Abstractions": "8.0.0-rc.2.23479.6"
        }
      },
      "Microsoft.AspNetCore.Cryptography.Internal": {
        "type": "Transitive",
        "resolved": "8.0.0-rc.2.23480.2",
        "contentHash": "tKntvcTnmTwF5/jZcmp+8T1PwIajEdMQZ8dSdiZHnzOp6oTImqdhKO+EUaiH5SlnkMb/P1yoFAqS/sAqP9o7Og=="
      },
      "Microsoft.AspNetCore.Cryptography.KeyDerivation": {
        "type": "Transitive",
        "resolved": "8.0.0-rc.2.23480.2",
        "contentHash": "UBAJ+XVzsTEb+jnNSxRlNiNc2X6oI8KFNabARoyD7nM6GF3M4dKSUFPD7iQpog1FNGwVTgY4Hl1h/Cl6G0N6DQ==",
        "dependencies": {
          "Microsoft.AspNetCore.Cryptography.Internal": "8.0.0-rc.2.23480.2"
        }
      },
      "Microsoft.EntityFrameworkCore.Abstractions": {
        "type": "Transitive",
        "resolved": "8.0.0-rc.2.23480.1",
        "contentHash": "o1DA30AlAwA69ug787ru7hvc19Ej5H+1L5qZ2GmsnajVRC8SKy/EE2kWZ9Rzscb4GTqSaXo/qtbqsR/osa2sSA=="
      },
      "Microsoft.EntityFrameworkCore.Analyzers": {
        "type": "Transitive",
        "resolved": "8.0.0-rc.2.23480.1",
        "contentHash": "Xy+CAw24l2qUWIZwaYj3W+SINrEbLWp037Dz4x9WyXg4HSagigRWMDGhZBk9ElAHAmCi9e6/AvqygO80rcdcTg=="
      },
      "Microsoft.Extensions.Caching.Abstractions": {
        "type": "Transitive",
        "resolved": "8.0.0-rc.2.23479.6",
        "contentHash": "8Rg0MN55ETBZHzTBWBduYfhlzOqxdSjSKmr2XBN+hprkrFp66CAx6wCkz4jNL0CFFySmEvzT3Gh3hz+FQRoZHw==",
        "dependencies": {
          "Microsoft.Extensions.Primitives": "8.0.0-rc.2.23479.6"
        }
      },
      "Microsoft.Extensions.Caching.Memory": {
        "type": "Transitive",
        "resolved": "8.0.0-rc.2.23479.6",
        "contentHash": "F8ptJyqu8j9ttZzgpBr2WbqWfF6IaACCnyJwHNrItb+JyVi01aZKKooKHbnVf6uvWMZrKTJ5YDlF4sy8U6JZtQ==",
        "dependencies": {
          "Microsoft.Extensions.Caching.Abstractions": "8.0.0-rc.2.23479.6",
          "Microsoft.Extensions.DependencyInjection.Abstractions": "8.0.0-rc.2.23479.6",
          "Microsoft.Extensions.Logging.Abstractions": "8.0.0-rc.2.23479.6",
          "Microsoft.Extensions.Options": "8.0.0-rc.2.23479.6",
          "Microsoft.Extensions.Primitives": "8.0.0-rc.2.23479.6"
        }
      },
      "Microsoft.Extensions.Configuration.Abstractions": {
        "type": "Transitive",
        "resolved": "8.0.0-rc.2.23479.6",
        "contentHash": "l9dJA7vNLJtSwg0J3ThUA47YZiRVQIIhCyMMNu/wJ0KOawdMmbrzJnKfd1sioZp0JzT+1IjiVaUZWK0t47pPOQ==",
        "dependencies": {
          "Microsoft.Extensions.Primitives": "8.0.0-rc.2.23479.6"
        }
      },
      "Microsoft.Extensions.DependencyInjection": {
        "type": "Transitive",
        "resolved": "8.0.0-rc.2.23479.6",
        "contentHash": "pUD/Gjd0MTrWPD4/SnKazYQvky2EHEtPyGb3FWZkEPWAfYPFVVw5fMRTkfoBPivpWLuxEw4FNK7GX77xEErUQQ==",
        "dependencies": {
          "Microsoft.Extensions.DependencyInjection.Abstractions": "8.0.0-rc.2.23479.6"
        }
      },
      "Microsoft.Extensions.DependencyInjection.Abstractions": {
        "type": "Transitive",
        "resolved": "8.0.0-rc.2.23479.6",
        "contentHash": "QLTBDvE/E05Xl2UVFXOBFIW0VLn/mMJ8DSbTyK6ODsO3sqDs0fyPqydACTnX/nbGZRrTMeud3XDbUrt24ab1EA=="
      },
      "Microsoft.Extensions.Identity.Core": {
        "type": "Transitive",
        "resolved": "8.0.0-rc.2.23480.2",
        "contentHash": "k7N8i7JpYeUE9FE9mtvtMHxBhP7R+gDESJTdzPuOVn1qy6nPrd/17BGZEmPP61HmMuOCt5/dzFNDJpP6KEUrew==",
        "dependencies": {
          "Microsoft.AspNetCore.Cryptography.KeyDerivation": "8.0.0-rc.2.23480.2",
          "Microsoft.Extensions.Logging": "8.0.0-rc.2.23479.6",
          "Microsoft.Extensions.Options": "8.0.0-rc.2.23479.6"
        }
      },
      "Microsoft.Extensions.Identity.Stores": {
        "type": "Transitive",
        "resolved": "8.0.0-rc.2.23480.2",
        "contentHash": "zbdMuRaN559zSdNrzHFlafO3ei5BLrK4Pwgz5B1ksyMIohO2L286PEadnJb+r1/lzuqmnEPvSissC5sNm8sW9g==",
        "dependencies": {
          "Microsoft.Extensions.Caching.Abstractions": "8.0.0-rc.2.23479.6",
          "Microsoft.Extensions.Identity.Core": "8.0.0-rc.2.23480.2",
          "Microsoft.Extensions.Logging": "8.0.0-rc.2.23479.6"
        }
      },
      "Microsoft.Extensions.Logging": {
        "type": "Transitive",
        "resolved": "8.0.0-rc.2.23479.6",
        "contentHash": "EqCB9QQYUHUVklT1Us38PuiHNIAbYHVnAvPEpR8VSBbiCa1GUIOdW+zLR8Cvb9XtjDkirVA+eH84z0ktikPw5Q==",
        "dependencies": {
          "Microsoft.Extensions.DependencyInjection": "8.0.0-rc.2.23479.6",
          "Microsoft.Extensions.Logging.Abstractions": "8.0.0-rc.2.23479.6",
          "Microsoft.Extensions.Options": "8.0.0-rc.2.23479.6"
        }
      },
      "Microsoft.Extensions.Logging.Abstractions": {
        "type": "Transitive",
        "resolved": "8.0.0-rc.2.23479.6",
        "contentHash": "xuQcOpvz76nTYytCf9HrHGCbMq/PU/ZGSkhX/grDBfWHZ1gjz38hDjrYn4NMr5DnndNtou4yn6tR5q0hjCr9pw==",
        "dependencies": {
          "Microsoft.Extensions.DependencyInjection.Abstractions": "8.0.0-rc.2.23479.6"
        }
      },
      "Microsoft.Extensions.Options": {
        "type": "Transitive",
        "resolved": "8.0.0-rc.2.23479.6",
        "contentHash": "f2uTnKEleplKK+pVKEg1rOCmM3+cuLpafTpKJzbj9lm8dmj0+dWxb0L6MAt9r1s3OYlIKY5IdkW0TUFKXvRCMg==",
        "dependencies": {
          "Microsoft.Extensions.DependencyInjection.Abstractions": "8.0.0-rc.2.23479.6",
          "Microsoft.Extensions.Primitives": "8.0.0-rc.2.23479.6"
        }
      },
      "Microsoft.Extensions.Primitives": {
        "type": "Transitive",
        "resolved": "8.0.0-rc.2.23479.6",
        "contentHash": "I3fTiDmV+2cCR3VjH+oz49AMgrAqX1cmNiWXmEAituAI7jCLA16uXzvYQTwxhQzov5BTdPVXKGNTxsMb1GpcLQ=="
      }
    }
  }
}